
Microsoft Visual Studio Solution File, Format Version 12.00
# Visual Studio Version 17
VisualStudioVersion = 17.13.35931.197 d17.13
MinimumVisualStudioVersion = 10.0.40219.1
Project("{FAE04EC0-301F-11D3-BF4B-00C04F79EFBC}") = "Malshinon", "Malshinon\Malshinon.csproj", "{1E3DAEFA-11B7-4C18-AF71-862DE983D77E}"
EndProject
Global
	GlobalSection(SolutionConfigurationPlatforms) = preSolution
		Debug|Any CPU = Debug|Any CPU
		Release|Any CPU = Release|Any CPU
	EndGlobalSection
	GlobalSection(ProjectConfigurationPlatforms) = postSolution
		{1E3DAEFA-11B7-4C18-AF71-862DE983D77E}.Debug|Any CPU.ActiveCfg = Debug|Any CPU
		{1E3DAEFA-11B7-4C18-AF71-862DE983D77E}.Debug|Any CPU.Build.0 = Debug|Any CPU
		{1E3DAEFA-11B7-4C18-AF71-862DE983D77E}.Release|Any CPU.ActiveCfg = Release|Any CPU
		{1E3DAEFA-11B7-4C18-AF71-862DE983D77E}.Release|Any CPU.Build.0 = Release|Any CPU
	EndGlobalSection
	GlobalSection(SolutionProperties) = preSolution
		HideSolutionNode = FALSE
	EndGlobalSection
	GlobalSection(ExtensibilityGlobals) = postSolution
		SolutionGuid = {CDD42413-0D57-4BE4-AB82-984370FBB8E5}
	EndGlobalSection
EndGlobal
